{
  "version": 4,
  "terraform_version": "1.15.8",
  "serial": 35,
  "lineage": "a540e77e-4e9b-a0b5-5e4c-9957821bfdb3",
  "outputs": {
    "bigquery_dataset": {
      "value": "vehicle_analytics",
      "type": "string"
    },
    "bigquery_dataset_id": {
      "value": "vehicle_analytics",
      "type": "string"
    },
    "bronze_table": {
      "value": "bronze",
      "type": "string"
    },
    "gold_table": {
      "value": "gold",
      "type": "string"
    },
    "service_account_email": {
      "value": "vehicle-etl-sa@vechile-etl-migration.iam.gserviceaccount.com",
      "type": "string"
    },
    "silver_table": {
      "value": "silver",
      "type": "string"
    },
    "storage_bucket": {
      "value": "vehicle-etl-migration-2026-12345",
      "type": "string"
    },
    "storage_bucket_url": {
      "value": "gs://vehicle-etl-migration-2026-12345",
      "type": "string"
    }
  },
  "resources": [
    {
      "module": "module.service_account",
      "mode": "managed",
      "type": "google_service_account",
      "name": "this",
      "provider": "provider[\"registry.terraform.io/hashicorp/google\"]",
      "instances": [
        {
          "schema_version": 0,
          "attributes": {
            "account_id": "vehicle-etl-sa",
            "create_ignore_already_exists": null,
            "deletion_policy": "DELETE",
            "description": "Service account used for the vehicle ETL pipeline",
            "disabled": false,
            "display_name": "Vehicle ETL Service Account",
            "email": "vehicle-etl-sa@vechile-etl-migration.iam.gserviceaccount.com",
            "id": "projects/vechile-etl-migration/serviceAccounts/vehicle-etl-sa@vechile-etl-migration.iam.gserviceaccount.com",
            "member": "serviceAccount:vehicle-etl-sa@vechile-etl-migration.iam.gserviceaccount.com",
            "name": "projects/vechile-etl-migration/serviceAccounts/vehicle-etl-sa@vechile-etl-migration.iam.gserviceaccount.com",
            "project": "vechile-etl-migration",
            "timeouts": null,
            "unique_id": "101097292406434448281"
          },
          "sensitive_attributes": [],
          "identity_schema_version": 1,
          "identity": {
            "email": "vehicle-etl-sa@vechile-etl-migration.iam.gserviceaccount.com",
            "project": "vechile-etl-migration"
          },
          "private": "eyJlMmJmYjczMC1lY2FhLTExZTYtOGY4OC0zNDM2M2JjN2M0YzAiOnsiY3JlYXRlIjozMDAwMDAwMDAwMDB9LCJzY2hlbWFfdmVyc2lvbiI6IjAifQ=="
        }
      ]
    },
    {
      "module": "module.storage",
      "mode": "managed",
      "type": "google_storage_bucket",
      "name": "this",
      "provider": "provider[\"registry.terraform.io/hashicorp/google\"]",
      "instances": [
        {
          "schema_version": 4,
          "attributes": {
            "autoclass": [],
            "cors": [],
            "custom_placement_config": [],
            "default_event_based_hold": false,
            "deletion_policy": "DELETE",
            "effective_labels": {
              "data_layer": "raw",
              "environment": "development",
              "goog-terraform-provisioned": "true",
              "project": "vehicle-etl"
            },
            "enable_object_retention": false,
            "encryption": [],
            "force_destroy": false,
            "hierarchical_namespace": [
              {
                "enabled": false
              }
            ],
            "id": "vehicle-etl-migration-2026-12345",
            "ip_filter": [],
            "labels": {
              "data_layer": "raw",
              "environment": "development",
              "project": "vehicle-etl"
            },
            "lifecycle_rule": [],
            "location": "ASIA-SOUTH1",
            "logging": [],
            "name": "vehicle-etl-migration-2026-12345",
            "project": "vechile-etl-migration",
            "project_number": 84455475290,
            "public_access_prevention": "inherited",
            "requester_pays": false,
            "retention_policy": [],
            "rpo": null,
            "self_link": "https://www.googleapis.com/storage/v1/b/vehicle-etl-migration-2026-12345",
            "soft_delete_policy": [
              {
                "effective_time": "2026-08-19T04:49:22.576Z",
                "retention_duration_seconds": 604800
              }
            ],
            "storage_class": "STANDARD",
            "terraform_labels": {
              "data_layer": "raw",
              "environment": "development",
              "goog-terraform-provisioned": "true",
              "project": "vehicle-etl"
            },
            "time_created": "2026-08-19T04:49:22.576Z",
            "timeouts": null,
            "uniform_bucket_level_access": true,
            "updated": "2026-08-19T04:49:24.261Z",
            "url": "gs://vehicle-etl-migration-2026-12345",
            "versioning": [
              {
                "enabled": true
              }
            ],
            "website": []
          },
          "sensitive_attributes": [],
          "identity_schema_version": 1,
          "identity": {
            "name": "vehicle-etl-migration-2026-12345",
            "project": "vechile-etl-migration"
          },
          "private": "eyJlMmJmYjczMC1lY2FhLTExZTYtOGY4OC0zNDM2M2JjN2M0YzAiOnsiY3JlYXRlIjo2MDAwMDAwMDAwMDAsInJlYWQiOjI0MDAwMDAwMDAwMCwidXBkYXRlIjoyNDAwMDAwMDAwMDB9LCJzY2hlbWFfdmVyc2lvbiI6IjQifQ=="
        }
      ]
    },
    {
      "module": "module.storage",
      "mode": "managed",
      "type": "google_storage_bucket_iam_member",
      "name": "service_account",
      "provider": "provider[\"registry.terraform.io/hashicorp/google\"]",
      "instances": [
        {
          "schema_version": 0,
          "attributes": {
            "bucket": "b/vehicle-etl-migration-2026-12345",
            "condition": [],
            "etag": "CAI=",
            "id": "b/vehicle-etl-migration-2026-12345/roles/storage.objectAdmin/serviceAccount:vehicle-etl-sa@vechile-etl-migration.iam.gserviceaccount.com",
            "member": "serviceAccount:vehicle-etl-sa@vechile-etl-migration.iam.gserviceaccount.com",
            "role": "roles/storage.objectAdmin",
            "timeouts": null
          },
          "sensitive_attributes": [],
          "identity_schema_version": 0,
          "private": "eyJlMmJmYjczMC1lY2FhLTExZTYtOGY4OC0zNDM2M2JjN2M0YzAiOnsiY3JlYXRlIjoxMjAwMDAwMDAwMDAwfX0=",
          "dependencies": [
            "module.service_account.google_service_account.this",
            "module.storage.google_storage_bucket.this"
          ]
        }
      ]
    }
  ],
  "check_results": null
}
