{
  "version": 4,
  "terraform_version": "1.15.8",
  "serial": 8,
  "lineage": "8ac4f199-27ae-1381-0d3e-0e1da3b77be0",
  "outputs": {
    "bigquery_dataset": {
      "value": "vehicle_analytics",
      "type": "string"
    },
    "bigquery_dataset_id": {
      "value": "vehicle_analytics",
      "type": "string"
    },
    "bronze_table": {
      "value": "bronze",
      "type": "string"
    },
    "gold_table": {
      "value": "gold",
      "type": "string"
    },
    "service_account_email": {
      "value": "vehicle-etl-sa@vechile-etl-migration.iam.gserviceaccount.com",
      "type": "string"
    },
    "silver_table": {
      "value": "silver",
      "type": "string"
    },
    "storage_bucket": {
      "value": "YOUR-UNIQUE-VEHICLE-ETL-BUCKET",
      "type": "string"
    }
  },
  "resources": [
    {
      "module": "module.bigquery",
      "mode": "managed",
      "type": "google_bigquery_dataset",
      "name": "this",
      "provider": "provider[\"registry.terraform.io/hashicorp/google\"]",
      "instances": [
        {
          "schema_version": 0,
          "attributes": {
            "access": [
              {
                "condition": [],
                "dataset": [],
                "domain": "",
                "group_by_email": "",
                "iam_member": "",
                "role": "OWNER",
                "routine": [],
                "special_group": "",
                "user_by_email": "pranaybhoware2701@gmail.com",
                "view": []
              },
              {
                "condition": [],
                "dataset": [],
                "domain": "",
                "group_by_email": "",
                "iam_member": "",
                "role": "OWNER",
                "routine": [],
                "special_group": "projectOwners",
                "user_by_email": "",
                "view": []
              },
              {
                "condition": [],
                "dataset": [],
                "domain": "",
                "group_by_email": "",
                "iam_member": "",
                "role": "READER",
                "routine": [],
                "special_group": "projectReaders",
                "user_by_email": "",
                "view": []
              },
              {
                "condition": [],
                "dataset": [],
                "domain": "",
                "group_by_email": "",
                "iam_member": "",
                "role": "WRITER",
                "routine": [],
                "special_group": "projectWriters",
                "user_by_email": "",
                "view": []
              }
            ],
            "creation_time": 1787065415448,
            "dataset_id": "vehicle_analytics",
            "default_collation": "",
            "default_encryption_configuration": [],
            "default_partition_expiration_ms": 5184000000,
            "default_table_expiration_ms": 5184000000,
            "delete_contents_on_destroy": false,
            "deletion_policy": "DELETE",
            "description": "Vehicle ETL dataset",
            "effective_labels": {
              "goog-terraform-provisioned": "true"
            },
            "etag": "ghNjCMOoh1oRFAEy1ojS5A==",
            "external_catalog_dataset_options": [],
            "external_dataset_reference": [],
            "friendly_name": "",
            "id": "projects/vechile-etl-migration/datasets/vehicle_analytics",
            "is_case_insensitive": false,
            "labels": null,
            "last_modified_time": 1787065415448,
            "location": "asia-south1",
            "max_time_travel_hours": "168",
            "project": "vechile-etl-migration",
            "resource_tags": null,
            "self_link": "https://bigquery.googleapis.com/bigquery/v2/projects/vechile-etl-migration/datasets/vehicle_analytics",
            "storage_billing_model": "",
            "terraform_labels": {
              "goog-terraform-provisioned": "true"
            },
            "timeouts": null
          },
          "sensitive_attributes": [],
          "identity_schema_version": 1,
          "identity": {
            "dataset_id": "vehicle_analytics",
            "project": "vechile-etl-migration"
          },
          "private": "eyJlMmJmYjczMC1lY2FhLTExZTYtOGY4OC0zNDM2M2JjN2M0YzAiOnsiY3JlYXRlIjoxMjAwMDAwMDAwMDAwLCJkZWxldGUiOjEyMDAwMDAwMDAwMDAsInVwZGF0ZSI6MTIwMDAwMDAwMDAwMH19"
        }
      ]
    },
    {
      "module": "module.bigquery",
      "mode": "managed",
      "type": "google_bigquery_dataset_iam_member",
      "name": "service_account",
      "provider": "provider[\"registry.terraform.io/hashicorp/google\"]",
      "instances": [
        {
          "schema_version": 0,
          "attributes": {
            "condition": [],
            "dataset_id": "vehicle_analytics",
            "etag": "",
            "id": "projects/vechile-etl-migration/datasets/vehicle_analytics/roles/bigquery.dataEditor/serviceAccount:vehicle-etl-sa@vechile-etl-migration.iam.gserviceaccount.com",
            "member": "serviceAccount:vehicle-etl-sa@vechile-etl-migration.iam.gserviceaccount.com",
            "project": "vechile-etl-migration",
            "role": "roles/bigquery.dataEditor"
          },
          "sensitive_attributes": [],
          "identity_schema_version": 1,
          "identity": {
            "condition_title": null,
            "dataset_id": "vehicle_analytics",
            "member": "serviceAccount:vehicle-etl-sa@vechile-etl-migration.iam.gserviceaccount.com",
            "project": "vechile-etl-migration",
            "role": "roles/bigquery.dataEditor"
          },
          "private": "bnVsbA==",
          "dependencies": [
            "module.bigquery.google_bigquery_dataset.this",
            "module.service_account.google_service_account.this"
          ]
        }
      ]
    },
    {
      "module": "module.bigquery",
      "mode": "managed",
      "type": "google_bigquery_table",
      "name": "bronze",
      "provider": "provider[\"registry.terraform.io/hashicorp/google\"]",
      "instances": [
        {
          "schema_version": 0,
          "attributes": {
            "biglake_configuration": [],
            "clustering": null,
            "creation_time": 1787065418107,
            "dataset_id": "vehicle_analytics",
            "deletion_policy": "DELETE",
            "deletion_protection": true,
            "description": "",
            "effective_labels": {
              "goog-terraform-provisioned": "true"
            },
            "encryption_configuration": [],
            "etag": "YUmGexcQmqh510Cu5dXhAw==",
            "expiration_time": 1792249418107,
            "external_catalog_table_options": [],
            "external_data_configuration": [],
            "friendly_name": "",
            "generated_schema_columns": null,
            "id": "projects/vechile-etl-migration/datasets/vehicle_analytics/tables/bronze",
            "ignore_auto_generated_schema": false,
            "ignore_schema_changes": null,
            "labels": null,
            "last_modified_time": 1787065418270,
            "location": "asia-south1",
            "materialized_view": [],
            "max_staleness": "",
            "num_bytes": null,
            "num_long_term_bytes": null,
            "num_rows": null,
            "project": "vechile-etl-migration",
            "range_partitioning": [],
            "require_partition_filter": null,
            "resource_tags": null,
            "schema": null,
            "schema_foreign_type_info": [],
            "self_link": "https://bigquery.googleapis.com/bigquery/v2/projects/vechile-etl-migration/datasets/vehicle_analytics/tables/bronze",
            "table_constraints": [],
            "table_id": "bronze",
            "table_metadata_view": null,
            "table_replication_info": [],
            "terraform_labels": {
              "goog-terraform-provisioned": "true"
            },
            "time_partitioning": [],
            "type": "TABLE",
            "view": []
          },
          "sensitive_attributes": [],
          "identity_schema_version": 1,
          "identity": {
            "dataset_id": "vehicle_analytics",
            "project": "vechile-etl-migration",
            "table_id": "bronze"
          },
          "private": "bnVsbA==",
          "dependencies": [
            "module.bigquery.google_bigquery_dataset.this"
          ]
        }
      ]
    },
    {
      "module": "module.bigquery",
      "mode": "managed",
      "type": "google_bigquery_table",
      "name": "gold",
      "provider": "provider[\"registry.terraform.io/hashicorp/google\"]",
      "instances": [
        {
          "schema_version": 0,
          "attributes": {
            "biglake_configuration": [],
            "clustering": null,
            "creation_time": 1787065418114,
            "dataset_id": "vehicle_analytics",
            "deletion_policy": "DELETE",
            "deletion_protection": true,
            "description": "",
            "effective_labels": {
              "goog-terraform-provisioned": "true"
            },
            "encryption_configuration": [],
            "etag": "MTzYPxRBvGomHcRYuUtxKQ==",
            "expiration_time": 1792249418114,
            "external_catalog_table_options": [],
            "external_data_configuration": [],
            "friendly_name": "",
            "generated_schema_columns": null,
            "id": "projects/vechile-etl-migration/datasets/vehicle_analytics/tables/gold",
            "ignore_auto_generated_schema": false,
            "ignore_schema_changes": null,
            "labels": null,
            "last_modified_time": 1787065418235,
            "location": "asia-south1",
            "materialized_view": [],
            "max_staleness": "",
            "num_bytes": null,
            "num_long_term_bytes": null,
            "num_rows": null,
            "project": "vechile-etl-migration",
            "range_partitioning": [],
            "require_partition_filter": null,
            "resource_tags": null,
            "schema": null,
            "schema_foreign_type_info": [],
            "self_link": "https://bigquery.googleapis.com/bigquery/v2/projects/vechile-etl-migration/datasets/vehicle_analytics/tables/gold",
            "table_constraints": [],
            "table_id": "gold",
            "table_metadata_view": null,
            "table_replication_info": [],
            "terraform_labels": {
              "goog-terraform-provisioned": "true"
            },
            "time_partitioning": [],
            "type": "TABLE",
            "view": []
          },
          "sensitive_attributes": [],
          "identity_schema_version": 1,
          "identity": {
            "dataset_id": "vehicle_analytics",
            "project": "vechile-etl-migration",
            "table_id": "gold"
          },
          "private": "bnVsbA==",
          "dependencies": [
            "module.bigquery.google_bigquery_dataset.this"
          ]
        }
      ]
    },
    {
      "module": "module.bigquery",
      "mode": "managed",
      "type": "google_bigquery_table",
      "name": "silver",
      "provider": "provider[\"registry.terraform.io/hashicorp/google\"]",
      "instances": [
        {
          "schema_version": 0,
          "attributes": {
            "biglake_configuration": [],
            "clustering": null,
            "creation_time": 1787065418107,
            "dataset_id": "vehicle_analytics",
            "deletion_policy": "DELETE",
            "deletion_protection": true,
            "description": "",
            "effective_labels": {
              "goog-terraform-provisioned": "true"
            },
            "encryption_configuration": [],
            "etag": "vSHdLVzj7VPWAz3GwtIEwA==",
            "expiration_time": 1792249418107,
            "external_catalog_table_options": [],
            "external_data_configuration": [],
            "friendly_name": "",
            "generated_schema_columns": null,
            "id": "projects/vechile-etl-migration/datasets/vehicle_analytics/tables/silver",
            "ignore_auto_generated_schema": false,
            "ignore_schema_changes": null,
            "labels": null,
            "last_modified_time": 1787065418269,
            "location": "asia-south1",
            "materialized_view": [],
            "max_staleness": "",
            "num_bytes": null,
            "num_long_term_bytes": null,
            "num_rows": null,
            "project": "vechile-etl-migration",
            "range_partitioning": [],
            "require_partition_filter": null,
            "resource_tags": null,
            "schema": null,
            "schema_foreign_type_info": [],
            "self_link": "https://bigquery.googleapis.com/bigquery/v2/projects/vechile-etl-migration/datasets/vehicle_analytics/tables/silver",
            "table_constraints": [],
            "table_id": "silver",
            "table_metadata_view": null,
            "table_replication_info": [],
            "terraform_labels": {
              "goog-terraform-provisioned": "true"
            },
            "time_partitioning": [],
            "type": "TABLE",
            "view": []
          },
          "sensitive_attributes": [],
          "identity_schema_version": 1,
          "identity": {
            "dataset_id": "vehicle_analytics",
            "project": "vechile-etl-migration",
            "table_id": "silver"
          },
          "private": "bnVsbA==",
          "dependencies": [
            "module.bigquery.google_bigquery_dataset.this"
          ]
        }
      ]
    },
    {
      "module": "module.service_account",
      "mode": "managed",
      "type": "google_service_account",
      "name": "this",
      "provider": "provider[\"registry.terraform.io/hashicorp/google\"]",
      "instances": [
        {
          "schema_version": 0,
          "attributes": {
            "account_id": "vehicle-etl-sa",
            "create_ignore_already_exists": null,
            "deletion_policy": "DELETE",
            "description": "Service account used for the vehicle ETL pipeline",
            "disabled": false,
            "display_name": "Vehicle ETL Service Account",
            "email": "vehicle-etl-sa@vechile-etl-migration.iam.gserviceaccount.com",
            "id": "projects/vechile-etl-migration/serviceAccounts/vehicle-etl-sa@vechile-etl-migration.iam.gserviceaccount.com",
            "member": "serviceAccount:vehicle-etl-sa@vechile-etl-migration.iam.gserviceaccount.com",
            "name": "projects/vechile-etl-migration/serviceAccounts/vehicle-etl-sa@vechile-etl-migration.iam.gserviceaccount.com",
            "project": "vechile-etl-migration",
            "timeouts": null,
            "unique_id": "101097292406434448281"
          },
          "sensitive_attributes": [],
          "identity_schema_version": 1,
          "identity": {
            "email": "vehicle-etl-sa@vechile-etl-migration.iam.gserviceaccount.com",
            "project": "vechile-etl-migration"
          },
          "private": "eyJlMmJmYjczMC1lY2FhLTExZTYtOGY4OC0zNDM2M2JjN2M0YzAiOnsiY3JlYXRlIjozMDAwMDAwMDAwMDB9fQ=="
        }
      ]
    }
  ],
  "check_results": null
}
