{
  "version": 4,
  "terraform_version": "1.15.8",
  "serial": 89,
  "lineage": "a540e77e-4e9b-a0b5-5e4c-9957821bfdb3",
  "outputs": {
    "bigquery_bronze_dataset": {
      "value": "bronze",
      "type": "string"
    },
    "bigquery_gold_dataset": {
      "value": "gold",
      "type": "string"
    },
    "bigquery_silver_dataset": {
      "value": "silver",
      "type": "string"
    },
    "service_account_email": {
      "value": "vehicle-etl-sa@vechile-etl-migration.iam.gserviceaccount.com",
      "type": "string"
    },
    "storage_bucket": {
      "value": "vehicle-etl-migration-2026-12345",
      "type": "string"
    },
    "storage_bucket_url": {
      "value": "gs://vehicle-etl-migration-2026-12345",
      "type": "string"
    }
  },
  "resources": [
    {
      "module": "module.bigquery",
      "mode": "managed",
      "type": "google_bigquery_dataset",
      "name": "bronze",
      "provider": "provider[\"registry.terraform.io/hashicorp/google\"]",
      "instances": [
        {
          "schema_version": 0,
          "attributes": {
            "access": [
              {
                "condition": [],
                "dataset": [],
                "domain": "",
                "group_by_email": "",
                "iam_member": "",
                "role": "OWNER",
                "routine": [],
                "special_group": "",
                "user_by_email": "pranaybhoware2701@gmail.com",
                "view": []
              },
              {
                "condition": [],
                "dataset": [],
                "domain": "",
                "group_by_email": "",
                "iam_member": "",
                "role": "OWNER",
                "routine": [],
                "special_group": "projectOwners",
                "user_by_email": "",
                "view": []
              },
              {
                "condition": [],
                "dataset": [],
                "domain": "",
                "group_by_email": "",
                "iam_member": "",
                "role": "READER",
                "routine": [],
                "special_group": "projectReaders",
                "user_by_email": "",
                "view": []
              },
              {
                "condition": [],
                "dataset": [],
                "domain": "",
                "group_by_email": "",
                "iam_member": "",
                "role": "WRITER",
                "routine": [],
                "special_group": "",
                "user_by_email": "vehicle-etl-sa@vechile-etl-migration.iam.gserviceaccount.com",
                "view": []
              },
              {
                "condition": [],
                "dataset": [],
                "domain": "",
                "group_by_email": "",
                "iam_member": "",
                "role": "WRITER",
                "routine": [],
                "special_group": "projectWriters",
                "user_by_email": "",
                "view": []
              }
            ],
            "creation_time": 1787126174452,
            "dataset_id": "bronze",
            "default_collation": "",
            "default_encryption_configuration": [],
            "default_partition_expiration_ms": 0,
            "default_table_expiration_ms": 0,
            "delete_contents_on_destroy": false,
            "deletion_policy": "DELETE",
            "description": "",
            "effective_labels": {
              "goog-terraform-provisioned": "true"
            },
            "etag": "jxlchB7g1Zt1mH0hyfRIlw==",
            "external_catalog_dataset_options": [],
            "external_dataset_reference": [],
            "friendly_name": "",
            "id": "projects/vechile-etl-migration/datasets/bronze",
            "is_case_insensitive": false,
            "labels": {},
            "last_modified_time": 1787126178510,
            "location": "asia-south1",
            "max_time_travel_hours": "168",
            "project": "vechile-etl-migration",
            "resource_tags": {},
            "self_link": "https://bigquery.googleapis.com/bigquery/v2/projects/vechile-etl-migration/datasets/bronze",
            "storage_billing_model": "",
            "terraform_labels": {
              "goog-terraform-provisioned": "true"
            },
            "timeouts": null
          },
          "sensitive_attributes": [],
          "identity_schema_version": 1,
          "identity": {
            "dataset_id": "bronze",
            "project": "vechile-etl-migration"
          },
          "private": "eyJlMmJmYjczMC1lY2FhLTExZTYtOGY4OC0zNDM2M2JjN2M0YzAiOnsiY3JlYXRlIjoxMjAwMDAwMDAwMDAwLCJkZWxldGUiOjEyMDAwMDAwMDAwMDAsInVwZGF0ZSI6MTIwMDAwMDAwMDAwMH19"
        }
      ]
    },
    {
      "module": "module.bigquery",
      "mode": "managed",
      "type": "google_bigquery_dataset",
      "name": "gold",
      "provider": "provider[\"registry.terraform.io/hashicorp/google\"]",
      "instances": [
        {
          "schema_version": 0,
          "attributes": {
            "access": [
              {
                "condition": [],
                "dataset": [],
                "domain": "",
                "group_by_email": "",
                "iam_member": "",
                "role": "OWNER",
                "routine": [],
                "special_group": "",
                "user_by_email": "pranaybhoware2701@gmail.com",
                "view": []
              },
              {
                "condition": [],
                "dataset": [],
                "domain": "",
                "group_by_email": "",
                "iam_member": "",
                "role": "OWNER",
                "routine": [],
                "special_group": "projectOwners",
                "user_by_email": "",
                "view": []
              },
              {
                "condition": [],
                "dataset": [],
                "domain": "",
                "group_by_email": "",
                "iam_member": "",
                "role": "READER",
                "routine": [],
                "special_group": "projectReaders",
                "user_by_email": "",
                "view": []
              },
              {
                "condition": [],
                "dataset": [],
                "domain": "",
                "group_by_email": "",
                "iam_member": "",
                "role": "WRITER",
                "routine": [],
                "special_group": "",
                "user_by_email": "vehicle-etl-sa@vechile-etl-migration.iam.gserviceaccount.com",
                "view": []
              },
              {
                "condition": [],
                "dataset": [],
                "domain": "",
                "group_by_email": "",
                "iam_member": "",
                "role": "WRITER",
                "routine": [],
                "special_group": "projectWriters",
                "user_by_email": "",
                "view": []
              }
            ],
            "creation_time": 1787126174275,
            "dataset_id": "gold",
            "default_collation": "",
            "default_encryption_configuration": [],
            "default_partition_expiration_ms": 0,
            "default_table_expiration_ms": 0,
            "delete_contents_on_destroy": false,
            "deletion_policy": "DELETE",
            "description": "",
            "effective_labels": {
              "goog-terraform-provisioned": "true"
            },
            "etag": "U1Fqb1cmiusJC+OA4P0m1w==",
            "external_catalog_dataset_options": [],
            "external_dataset_reference": [],
            "friendly_name": "",
            "id": "projects/vechile-etl-migration/datasets/gold",
            "is_case_insensitive": false,
            "labels": {},
            "last_modified_time": 1787126178170,
            "location": "asia-south1",
            "max_time_travel_hours": "168",
            "project": "vechile-etl-migration",
            "resource_tags": {},
            "self_link": "https://bigquery.googleapis.com/bigquery/v2/projects/vechile-etl-migration/datasets/gold",
            "storage_billing_model": "",
            "terraform_labels": {
              "goog-terraform-provisioned": "true"
            },
            "timeouts": null
          },
          "sensitive_attributes": [],
          "identity_schema_version": 1,
          "identity": {
            "dataset_id": "gold",
            "project": "vechile-etl-migration"
          },
          "private": "eyJlMmJmYjczMC1lY2FhLTExZTYtOGY4OC0zNDM2M2JjN2M0YzAiOnsiY3JlYXRlIjoxMjAwMDAwMDAwMDAwLCJkZWxldGUiOjEyMDAwMDAwMDAwMDAsInVwZGF0ZSI6MTIwMDAwMDAwMDAwMH19"
        }
      ]
    },
    {
      "module": "module.bigquery",
      "mode": "managed",
      "type": "google_bigquery_dataset",
      "name": "silver",
      "provider": "provider[\"registry.terraform.io/hashicorp/google\"]",
      "instances": [
        {
          "schema_version": 0,
          "attributes": {
            "access": [
              {
                "condition": [],
                "dataset": [],
                "domain": "",
                "group_by_email": "",
                "iam_member": "",
                "role": "OWNER",
                "routine": [],
                "special_group": "",
                "user_by_email": "pranaybhoware2701@gmail.com",
                "view": []
              },
              {
                "condition": [],
                "dataset": [],
                "domain": "",
                "group_by_email": "",
                "iam_member": "",
                "role": "OWNER",
                "routine": [],
                "special_group": "projectOwners",
                "user_by_email": "",
                "view": []
              },
              {
                "condition": [],
                "dataset": [],
                "domain": "",
                "group_by_email": "",
                "iam_member": "",
                "role": "READER",
                "routine": [],
                "special_group": "projectReaders",
                "user_by_email": "",
                "view": []
              },
              {
                "condition": [],
                "dataset": [],
                "domain": "",
                "group_by_email": "",
                "iam_member": "",
                "role": "WRITER",
                "routine": [],
                "special_group": "",
                "user_by_email": "vehicle-etl-sa@vechile-etl-migration.iam.gserviceaccount.com",
                "view": []
              },
              {
                "condition": [],
                "dataset": [],
                "domain": "",
                "group_by_email": "",
                "iam_member": "",
                "role": "WRITER",
                "routine": [],
                "special_group": "projectWriters",
                "user_by_email": "",
                "view": []
              }
            ],
            "creation_time": 1787126174477,
            "dataset_id": "silver",
            "default_collation": "",
            "default_encryption_configuration": [],
            "default_partition_expiration_ms": 0,
            "default_table_expiration_ms": 0,
            "delete_contents_on_destroy": false,
            "deletion_policy": "DELETE",
            "description": "",
            "effective_labels": {
              "goog-terraform-provisioned": "true"
            },
            "etag": "b3uha5jZybkmEoQsKeyCCw==",
            "external_catalog_dataset_options": [],
            "external_dataset_reference": [],
            "friendly_name": "",
            "id": "projects/vechile-etl-migration/datasets/silver",
            "is_case_insensitive": false,
            "labels": {},
            "last_modified_time": 1787126178270,
            "location": "asia-south1",
            "max_time_travel_hours": "168",
            "project": "vechile-etl-migration",
            "resource_tags": {},
            "self_link": "https://bigquery.googleapis.com/bigquery/v2/projects/vechile-etl-migration/datasets/silver",
            "storage_billing_model": "",
            "terraform_labels": {
              "goog-terraform-provisioned": "true"
            },
            "timeouts": null
          },
          "sensitive_attributes": [],
          "identity_schema_version": 1,
          "identity": {
            "dataset_id": "silver",
            "project": "vechile-etl-migration"
          },
          "private": "eyJlMmJmYjczMC1lY2FhLTExZTYtOGY4OC0zNDM2M2JjN2M0YzAiOnsiY3JlYXRlIjoxMjAwMDAwMDAwMDAwLCJkZWxldGUiOjEyMDAwMDAwMDAwMDAsInVwZGF0ZSI6MTIwMDAwMDAwMDAwMH19"
        }
      ]
    },
    {
      "module": "module.bigquery",
      "mode": "managed",
      "type": "google_bigquery_dataset_iam_member",
      "name": "bronze_service_account",
      "provider": "provider[\"registry.terraform.io/hashicorp/google\"]",
      "instances": [
        {
          "schema_version": 0,
          "attributes": {
            "condition": [],
            "dataset_id": "bronze",
            "etag": "",
            "id": "projects/vechile-etl-migration/datasets/bronze/roles/bigquery.dataEditor/serviceAccount:vehicle-etl-sa@vechile-etl-migration.iam.gserviceaccount.com",
            "member": "serviceAccount:vehicle-etl-sa@vechile-etl-migration.iam.gserviceaccount.com",
            "project": "vechile-etl-migration",
            "role": "roles/bigquery.dataEditor"
          },
          "sensitive_attributes": [],
          "identity_schema_version": 1,
          "identity": {
            "condition_title": null,
            "dataset_id": "bronze",
            "member": "serviceAccount:vehicle-etl-sa@vechile-etl-migration.iam.gserviceaccount.com",
            "project": "vechile-etl-migration",
            "role": "roles/bigquery.dataEditor"
          },
          "private": "bnVsbA==",
          "dependencies": [
            "module.bigquery.google_bigquery_dataset.bronze",
            "module.service_account.google_service_account.this"
          ]
        }
      ]
    },
    {
      "module": "module.bigquery",
      "mode": "managed",
      "type": "google_bigquery_dataset_iam_member",
      "name": "gold_service_account",
      "provider": "provider[\"registry.terraform.io/hashicorp/google\"]",
      "instances": [
        {
          "schema_version": 0,
          "attributes": {
            "condition": [],
            "dataset_id": "gold",
            "etag": "",
            "id": "projects/vechile-etl-migration/datasets/gold/roles/bigquery.dataEditor/serviceAccount:vehicle-etl-sa@vechile-etl-migration.iam.gserviceaccount.com",
            "member": "serviceAccount:vehicle-etl-sa@vechile-etl-migration.iam.gserviceaccount.com",
            "project": "vechile-etl-migration",
            "role": "roles/bigquery.dataEditor"
          },
          "sensitive_attributes": [],
          "identity_schema_version": 1,
          "identity": {
            "condition_title": null,
            "dataset_id": "gold",
            "member": "serviceAccount:vehicle-etl-sa@vechile-etl-migration.iam.gserviceaccount.com",
            "project": "vechile-etl-migration",
            "role": "roles/bigquery.dataEditor"
          },
          "private": "bnVsbA==",
          "dependencies": [
            "module.bigquery.google_bigquery_dataset.gold",
            "module.service_account.google_service_account.this"
          ]
        }
      ]
    },
    {
      "module": "module.bigquery",
      "mode": "managed",
      "type": "google_bigquery_dataset_iam_member",
      "name": "silver_service_account",
      "provider": "provider[\"registry.terraform.io/hashicorp/google\"]",
      "instances": [
        {
          "schema_version": 0,
          "attributes": {
            "condition": [],
            "dataset_id": "silver",
            "etag": "",
            "id": "projects/vechile-etl-migration/datasets/silver/roles/bigquery.dataEditor/serviceAccount:vehicle-etl-sa@vechile-etl-migration.iam.gserviceaccount.com",
            "member": "serviceAccount:vehicle-etl-sa@vechile-etl-migration.iam.gserviceaccount.com",
            "project": "vechile-etl-migration",
            "role": "roles/bigquery.dataEditor"
          },
          "sensitive_attributes": [],
          "identity_schema_version": 1,
          "identity": {
            "condition_title": null,
            "dataset_id": "silver",
            "member": "serviceAccount:vehicle-etl-sa@vechile-etl-migration.iam.gserviceaccount.com",
            "project": "vechile-etl-migration",
            "role": "roles/bigquery.dataEditor"
          },
          "private": "bnVsbA==",
          "dependencies": [
            "module.bigquery.google_bigquery_dataset.silver",
            "module.service_account.google_service_account.this"
          ]
        }
      ]
    },
    {
      "module": "module.bigquery",
      "mode": "managed",
      "type": "google_bigquery_table",
      "name": "bronze_customers",
      "provider": "provider[\"registry.terraform.io/hashicorp/google\"]",
      "instances": [
        {
          "schema_version": 0,
          "attributes": {
            "biglake_configuration": [],
            "clustering": null,
            "creation_time": 1787138369375,
            "dataset_id": "bronze",
            "deletion_policy": "DELETE",
            "deletion_protection": false,
            "description": "",
            "effective_labels": {
              "goog-terraform-provisioned": "true"
            },
            "encryption_configuration": [],
            "etag": "pnodDutVkhMLqyvK6BR40w==",
            "expiration_time": null,
            "external_catalog_table_options": [],
            "external_data_configuration": [],
            "friendly_name": "",
            "generated_schema_columns": null,
            "id": "projects/vechile-etl-migration/datasets/bronze/tables/bronze_customers",
            "ignore_auto_generated_schema": false,
            "ignore_schema_changes": null,
            "labels": null,
            "last_modified_time": 1787138369420,
            "location": "asia-south1",
            "materialized_view": [],
            "max_staleness": "",
            "num_bytes": null,
            "num_long_term_bytes": null,
            "num_rows": null,
            "project": "vechile-etl-migration",
            "range_partitioning": [],
            "require_partition_filter": null,
            "resource_tags": null,
            "schema": null,
            "schema_foreign_type_info": [],
            "self_link": "https://bigquery.googleapis.com/bigquery/v2/projects/vechile-etl-migration/datasets/bronze/tables/bronze_customers",
            "table_constraints": [],
            "table_id": "bronze_customers",
            "table_metadata_view": null,
            "table_replication_info": [],
            "terraform_labels": {
              "goog-terraform-provisioned": "true"
            },
            "time_partitioning": [],
            "type": "TABLE",
            "view": []
          },
          "sensitive_attributes": [],
          "identity_schema_version": 1,
          "identity": {
            "dataset_id": "bronze",
            "project": "vechile-etl-migration",
            "table_id": "bronze_customers"
          },
          "private": "bnVsbA==",
          "dependencies": [
            "module.bigquery.google_bigquery_dataset.bronze"
          ]
        }
      ]
    },
    {
      "module": "module.bigquery",
      "mode": "managed",
      "type": "google_bigquery_table",
      "name": "bronze_dealers",
      "provider": "provider[\"registry.terraform.io/hashicorp/google\"]",
      "instances": [
        {
          "schema_version": 0,
          "attributes": {
            "biglake_configuration": [],
            "clustering": null,
            "creation_time": 1787138369365,
            "dataset_id": "bronze",
            "deletion_policy": "DELETE",
            "deletion_protection": false,
            "description": "",
            "effective_labels": {
              "goog-terraform-provisioned": "true"
            },
            "encryption_configuration": [],
            "etag": "NTDxjL3g+eATePrRxzIzUg==",
            "expiration_time": null,
            "external_catalog_table_options": [],
            "external_data_configuration": [],
            "friendly_name": "",
            "generated_schema_columns": null,
            "id": "projects/vechile-etl-migration/datasets/bronze/tables/bronze_dealers",
            "ignore_auto_generated_schema": false,
            "ignore_schema_changes": null,
            "labels": null,
            "last_modified_time": 1787138369406,
            "location": "asia-south1",
            "materialized_view": [],
            "max_staleness": "",
            "num_bytes": null,
            "num_long_term_bytes": null,
            "num_rows": null,
            "project": "vechile-etl-migration",
            "range_partitioning": [],
            "require_partition_filter": null,
            "resource_tags": null,
            "schema": null,
            "schema_foreign_type_info": [],
            "self_link": "https://bigquery.googleapis.com/bigquery/v2/projects/vechile-etl-migration/datasets/bronze/tables/bronze_dealers",
            "table_constraints": [],
            "table_id": "bronze_dealers",
            "table_metadata_view": null,
            "table_replication_info": [],
            "terraform_labels": {
              "goog-terraform-provisioned": "true"
            },
            "time_partitioning": [],
            "type": "TABLE",
            "view": []
          },
          "sensitive_attributes": [],
          "identity_schema_version": 1,
          "identity": {
            "dataset_id": "bronze",
            "project": "vechile-etl-migration",
            "table_id": "bronze_dealers"
          },
          "private": "bnVsbA==",
          "dependencies": [
            "module.bigquery.google_bigquery_dataset.bronze"
          ]
        }
      ]
    },
    {
      "module": "module.bigquery",
      "mode": "managed",
      "type": "google_bigquery_table",
      "name": "bronze_manufacturers",
      "provider": "provider[\"registry.terraform.io/hashicorp/google\"]",
      "instances": [
        {
          "schema_version": 0,
          "attributes": {
            "biglake_configuration": [],
            "clustering": null,
            "creation_time": 1787138369379,
            "dataset_id": "bronze",
            "deletion_policy": "DELETE",
            "deletion_protection": false,
            "description": "",
            "effective_labels": {
              "goog-terraform-provisioned": "true"
            },
            "encryption_configuration": [],
            "etag": "vyh9VyVD27Kl3vYr2hI9vQ==",
            "expiration_time": null,
            "external_catalog_table_options": [],
            "external_data_configuration": [],
            "friendly_name": "",
            "generated_schema_columns": null,
            "id": "projects/vechile-etl-migration/datasets/bronze/tables/bronze_manufacturers",
            "ignore_auto_generated_schema": false,
            "ignore_schema_changes": null,
            "labels": null,
            "last_modified_time": 1787138369422,
            "location": "asia-south1",
            "materialized_view": [],
            "max_staleness": "",
            "num_bytes": null,
            "num_long_term_bytes": null,
            "num_rows": null,
            "project": "vechile-etl-migration",
            "range_partitioning": [],
            "require_partition_filter": null,
            "resource_tags": null,
            "schema": null,
            "schema_foreign_type_info": [],
            "self_link": "https://bigquery.googleapis.com/bigquery/v2/projects/vechile-etl-migration/datasets/bronze/tables/bronze_manufacturers",
            "table_constraints": [],
            "table_id": "bronze_manufacturers",
            "table_metadata_view": null,
            "table_replication_info": [],
            "terraform_labels": {
              "goog-terraform-provisioned": "true"
            },
            "time_partitioning": [],
            "type": "TABLE",
            "view": []
          },
          "sensitive_attributes": [],
          "identity_schema_version": 1,
          "identity": {
            "dataset_id": "bronze",
            "project": "vechile-etl-migration",
            "table_id": "bronze_manufacturers"
          },
          "private": "bnVsbA==",
          "dependencies": [
            "module.bigquery.google_bigquery_dataset.bronze"
          ]
        }
      ]
    },
    {
      "module": "module.bigquery",
      "mode": "managed",
      "type": "google_bigquery_table",
      "name": "bronze_payments",
      "provider": "provider[\"registry.terraform.io/hashicorp/google\"]",
      "instances": [
        {
          "schema_version": 0,
          "attributes": {
            "biglake_configuration": [],
            "clustering": null,
            "creation_time": 1787138369358,
            "dataset_id": "bronze",
            "deletion_policy": "DELETE",
            "deletion_protection": false,
            "description": "",
            "effective_labels": {
              "goog-terraform-provisioned": "true"
            },
            "encryption_configuration": [],
            "etag": "sE9FEsKEFRRMnZNgyY1ttA==",
            "expiration_time": null,
            "external_catalog_table_options": [],
            "external_data_configuration": [],
            "friendly_name": "",
            "generated_schema_columns": null,
            "id": "projects/vechile-etl-migration/datasets/bronze/tables/bronze_payments",
            "ignore_auto_generated_schema": false,
            "ignore_schema_changes": null,
            "labels": null,
            "last_modified_time": 1787138369398,
            "location": "asia-south1",
            "materialized_view": [],
            "max_staleness": "",
            "num_bytes": null,
            "num_long_term_bytes": null,
            "num_rows": null,
            "project": "vechile-etl-migration",
            "range_partitioning": [],
            "require_partition_filter": null,
            "resource_tags": null,
            "schema": null,
            "schema_foreign_type_info": [],
            "self_link": "https://bigquery.googleapis.com/bigquery/v2/projects/vechile-etl-migration/datasets/bronze/tables/bronze_payments",
            "table_constraints": [],
            "table_id": "bronze_payments",
            "table_metadata_view": null,
            "table_replication_info": [],
            "terraform_labels": {
              "goog-terraform-provisioned": "true"
            },
            "time_partitioning": [],
            "type": "TABLE",
            "view": []
          },
          "sensitive_attributes": [],
          "identity_schema_version": 1,
          "identity": {
            "dataset_id": "bronze",
            "project": "vechile-etl-migration",
            "table_id": "bronze_payments"
          },
          "private": "bnVsbA==",
          "dependencies": [
            "module.bigquery.google_bigquery_dataset.bronze"
          ]
        }
      ]
    },
    {
      "module": "module.bigquery",
      "mode": "managed",
      "type": "google_bigquery_table",
      "name": "bronze_vehicles",
      "provider": "provider[\"registry.terraform.io/hashicorp/google\"]",
      "instances": [
        {
          "schema_version": 0,
          "attributes": {
            "biglake_configuration": [],
            "clustering": null,
            "creation_time": 1787138369375,
            "dataset_id": "bronze",
            "deletion_policy": "DELETE",
            "deletion_protection": false,
            "description": "",
            "effective_labels": {
              "goog-terraform-provisioned": "true"
            },
            "encryption_configuration": [],
            "etag": "Pphd2ASwZFxleNhyrd8O/g==",
            "expiration_time": null,
            "external_catalog_table_options": [],
            "external_data_configuration": [],
            "friendly_name": "",
            "generated_schema_columns": null,
            "id": "projects/vechile-etl-migration/datasets/bronze/tables/bronze_vehicles",
            "ignore_auto_generated_schema": false,
            "ignore_schema_changes": null,
            "labels": null,
            "last_modified_time": 1787138369416,
            "location": "asia-south1",
            "materialized_view": [],
            "max_staleness": "",
            "num_bytes": null,
            "num_long_term_bytes": null,
            "num_rows": null,
            "project": "vechile-etl-migration",
            "range_partitioning": [],
            "require_partition_filter": null,
            "resource_tags": null,
            "schema": null,
            "schema_foreign_type_info": [],
            "self_link": "https://bigquery.googleapis.com/bigquery/v2/projects/vechile-etl-migration/datasets/bronze/tables/bronze_vehicles",
            "table_constraints": [],
            "table_id": "bronze_vehicles",
            "table_metadata_view": null,
            "table_replication_info": [],
            "terraform_labels": {
              "goog-terraform-provisioned": "true"
            },
            "time_partitioning": [],
            "type": "TABLE",
            "view": []
          },
          "sensitive_attributes": [],
          "identity_schema_version": 1,
          "identity": {
            "dataset_id": "bronze",
            "project": "vechile-etl-migration",
            "table_id": "bronze_vehicles"
          },
          "private": "bnVsbA==",
          "dependencies": [
            "module.bigquery.google_bigquery_dataset.bronze"
          ]
        }
      ]
    },
    {
      "module": "module.bigquery",
      "mode": "managed",
      "type": "google_bigquery_table",
      "name": "gold_customers",
      "provider": "provider[\"registry.terraform.io/hashicorp/google\"]",
      "instances": [
        {
          "schema_version": 0,
          "attributes": {
            "biglake_configuration": [],
            "clustering": null,
            "creation_time": 1787138369357,
            "dataset_id": "gold",
            "deletion_policy": "DELETE",
            "deletion_protection": false,
            "description": "",
            "effective_labels": {
              "goog-terraform-provisioned": "true"
            },
            "encryption_configuration": [],
            "etag": "fRHHzy7AIIBi/QbtiRqhDA==",
            "expiration_time": null,
            "external_catalog_table_options": [],
            "external_data_configuration": [],
            "friendly_name": "",
            "generated_schema_columns": null,
            "id": "projects/vechile-etl-migration/datasets/gold/tables/gold_customers",
            "ignore_auto_generated_schema": false,
            "ignore_schema_changes": null,
            "labels": null,
            "last_modified_time": 1787138369391,
            "location": "asia-south1",
            "materialized_view": [],
            "max_staleness": "",
            "num_bytes": null,
            "num_long_term_bytes": null,
            "num_rows": null,
            "project": "vechile-etl-migration",
            "range_partitioning": [],
            "require_partition_filter": null,
            "resource_tags": null,
            "schema": null,
            "schema_foreign_type_info": [],
            "self_link": "https://bigquery.googleapis.com/bigquery/v2/projects/vechile-etl-migration/datasets/gold/tables/gold_customers",
            "table_constraints": [],
            "table_id": "gold_customers",
            "table_metadata_view": null,
            "table_replication_info": [],
            "terraform_labels": {
              "goog-terraform-provisioned": "true"
            },
            "time_partitioning": [],
            "type": "TABLE",
            "view": []
          },
          "sensitive_attributes": [],
          "identity_schema_version": 1,
          "identity": {
            "dataset_id": "gold",
            "project": "vechile-etl-migration",
            "table_id": "gold_customers"
          },
          "private": "bnVsbA==",
          "dependencies": [
            "module.bigquery.google_bigquery_dataset.gold"
          ]
        }
      ]
    },
    {
      "module": "module.bigquery",
      "mode": "managed",
      "type": "google_bigquery_table",
      "name": "gold_dealers",
      "provider": "provider[\"registry.terraform.io/hashicorp/google\"]",
      "instances": [
        {
          "schema_version": 0,
          "attributes": {
            "biglake_configuration": [],
            "clustering": null,
            "creation_time": 1787138369958,
            "dataset_id": "gold",
            "deletion_policy": "DELETE",
            "deletion_protection": false,
            "description": "",
            "effective_labels": {
              "goog-terraform-provisioned": "true"
            },
            "encryption_configuration": [],
            "etag": "LhcQBueRaiZsi/qvAQMapg==",
            "expiration_time": null,
            "external_catalog_table_options": [],
            "external_data_configuration": [],
            "friendly_name": "",
            "generated_schema_columns": null,
            "id": "projects/vechile-etl-migration/datasets/gold/tables/gold_dealers",
            "ignore_auto_generated_schema": false,
            "ignore_schema_changes": null,
            "labels": null,
            "last_modified_time": 1787138369974,
            "location": "asia-south1",
            "materialized_view": [],
            "max_staleness": "",
            "num_bytes": null,
            "num_long_term_bytes": null,
            "num_rows": null,
            "project": "vechile-etl-migration",
            "range_partitioning": [],
            "require_partition_filter": null,
            "resource_tags": null,
            "schema": null,
            "schema_foreign_type_info": [],
            "self_link": "https://bigquery.googleapis.com/bigquery/v2/projects/vechile-etl-migration/datasets/gold/tables/gold_dealers",
            "table_constraints": [],
            "table_id": "gold_dealers",
            "table_metadata_view": null,
            "table_replication_info": [],
            "terraform_labels": {
              "goog-terraform-provisioned": "true"
            },
            "time_partitioning": [],
            "type": "TABLE",
            "view": []
          },
          "sensitive_attributes": [],
          "identity_schema_version": 1,
          "identity": {
            "dataset_id": "gold",
            "project": "vechile-etl-migration",
            "table_id": "gold_dealers"
          },
          "private": "bnVsbA==",
          "dependencies": [
            "module.bigquery.google_bigquery_dataset.gold"
          ]
        }
      ]
    },
    {
      "module": "module.bigquery",
      "mode": "managed",
      "type": "google_bigquery_table",
      "name": "gold_manufacturers",
      "provider": "provider[\"registry.terraform.io/hashicorp/google\"]",
      "instances": [
        {
          "schema_version": 0,
          "attributes": {
            "biglake_configuration": [],
            "clustering": null,
            "creation_time": 1787138370042,
            "dataset_id": "gold",
            "deletion_policy": "DELETE",
            "deletion_protection": false,
            "description": "",
            "effective_labels": {
              "goog-terraform-provisioned": "true"
            },
            "encryption_configuration": [],
            "etag": "m3TcitnHVoYBeMa2gbaEwA==",
            "expiration_time": null,
            "external_catalog_table_options": [],
            "external_data_configuration": [],
            "friendly_name": "",
            "generated_schema_columns": null,
            "id": "projects/vechile-etl-migration/datasets/gold/tables/gold_manufacturers",
            "ignore_auto_generated_schema": false,
            "ignore_schema_changes": null,
            "labels": null,
            "last_modified_time": 1787138370083,
            "location": "asia-south1",
            "materialized_view": [],
            "max_staleness": "",
            "num_bytes": null,
            "num_long_term_bytes": null,
            "num_rows": null,
            "project": "vechile-etl-migration",
            "range_partitioning": [],
            "require_partition_filter": null,
            "resource_tags": null,
            "schema": null,
            "schema_foreign_type_info": [],
            "self_link": "https://bigquery.googleapis.com/bigquery/v2/projects/vechile-etl-migration/datasets/gold/tables/gold_manufacturers",
            "table_constraints": [],
            "table_id": "gold_manufacturers",
            "table_metadata_view": null,
            "table_replication_info": [],
            "terraform_labels": {
              "goog-terraform-provisioned": "true"
            },
            "time_partitioning": [],
            "type": "TABLE",
            "view": []
          },
          "sensitive_attributes": [],
          "identity_schema_version": 1,
          "identity": {
            "dataset_id": "gold",
            "project": "vechile-etl-migration",
            "table_id": "gold_manufacturers"
          },
          "private": "bnVsbA==",
          "dependencies": [
            "module.bigquery.google_bigquery_dataset.gold"
          ]
        }
      ]
    },
    {
      "module": "module.bigquery",
      "mode": "managed",
      "type": "google_bigquery_table",
      "name": "gold_payments",
      "provider": "provider[\"registry.terraform.io/hashicorp/google\"]",
      "instances": [
        {
          "schema_version": 0,
          "attributes": {
            "biglake_configuration": [],
            "clustering": null,
            "creation_time": 1787138370090,
            "dataset_id": "gold",
            "deletion_policy": "DELETE",
            "deletion_protection": false,
            "description": "",
            "effective_labels": {
              "goog-terraform-provisioned": "true"
            },
            "encryption_configuration": [],
            "etag": "6RyQawtH9QreVdvCk2MINQ==",
            "expiration_time": null,
            "external_catalog_table_options": [],
            "external_data_configuration": [],
            "friendly_name": "",
            "generated_schema_columns": null,
            "id": "projects/vechile-etl-migration/datasets/gold/tables/gold_payments",
            "ignore_auto_generated_schema": false,
            "ignore_schema_changes": null,
            "labels": null,
            "last_modified_time": 1787138370131,
            "location": "asia-south1",
            "materialized_view": [],
            "max_staleness": "",
            "num_bytes": null,
            "num_long_term_bytes": null,
            "num_rows": null,
            "project": "vechile-etl-migration",
            "range_partitioning": [],
            "require_partition_filter": null,
            "resource_tags": null,
            "schema": null,
            "schema_foreign_type_info": [],
            "self_link": "https://bigquery.googleapis.com/bigquery/v2/projects/vechile-etl-migration/datasets/gold/tables/gold_payments",
            "table_constraints": [],
            "table_id": "gold_payments",
            "table_metadata_view": null,
            "table_replication_info": [],
            "terraform_labels": {
              "goog-terraform-provisioned": "true"
            },
            "time_partitioning": [],
            "type": "TABLE",
            "view": []
          },
          "sensitive_attributes": [],
          "identity_schema_version": 1,
          "identity": {
            "dataset_id": "gold",
            "project": "vechile-etl-migration",
            "table_id": "gold_payments"
          },
          "private": "bnVsbA==",
          "dependencies": [
            "module.bigquery.google_bigquery_dataset.gold"
          ]
        }
      ]
    },
    {
      "module": "module.bigquery",
      "mode": "managed",
      "type": "google_bigquery_table",
      "name": "gold_vehicles",
      "provider": "provider[\"registry.terraform.io/hashicorp/google\"]",
      "instances": [
        {
          "schema_version": 0,
          "attributes": {
            "biglake_configuration": [],
            "clustering": null,
            "creation_time": 1787138369352,
            "dataset_id": "gold",
            "deletion_policy": "DELETE",
            "deletion_protection": false,
            "description": "",
            "effective_labels": {
              "goog-terraform-provisioned": "true"
            },
            "encryption_configuration": [],
            "etag": "I31RnQtDi/DnxmP0ct1n/Q==",
            "expiration_time": null,
            "external_catalog_table_options": [],
            "external_data_configuration": [],
            "friendly_name": "",
            "generated_schema_columns": null,
            "id": "projects/vechile-etl-migration/datasets/gold/tables/gold_vehicles",
            "ignore_auto_generated_schema": false,
            "ignore_schema_changes": null,
            "labels": null,
            "last_modified_time": 1787138369390,
            "location": "asia-south1",
            "materialized_view": [],
            "max_staleness": "",
            "num_bytes": null,
            "num_long_term_bytes": null,
            "num_rows": null,
            "project": "vechile-etl-migration",
            "range_partitioning": [],
            "require_partition_filter": null,
            "resource_tags": null,
            "schema": null,
            "schema_foreign_type_info": [],
            "self_link": "https://bigquery.googleapis.com/bigquery/v2/projects/vechile-etl-migration/datasets/gold/tables/gold_vehicles",
            "table_constraints": [],
            "table_id": "gold_vehicles",
            "table_metadata_view": null,
            "table_replication_info": [],
            "terraform_labels": {
              "goog-terraform-provisioned": "true"
            },
            "time_partitioning": [],
            "type": "TABLE",
            "view": []
          },
          "sensitive_attributes": [],
          "identity_schema_version": 1,
          "identity": {
            "dataset_id": "gold",
            "project": "vechile-etl-migration",
            "table_id": "gold_vehicles"
          },
          "private": "bnVsbA==",
          "dependencies": [
            "module.bigquery.google_bigquery_dataset.gold"
          ]
        }
      ]
    },
    {
      "module": "module.bigquery",
      "mode": "managed",
      "type": "google_bigquery_table",
      "name": "silver_customers",
      "provider": "provider[\"registry.terraform.io/hashicorp/google\"]",
      "instances": [
        {
          "schema_version": 0,
          "attributes": {
            "biglake_configuration": [],
            "clustering": null,
            "creation_time": 1787138369365,
            "dataset_id": "silver",
            "deletion_policy": "DELETE",
            "deletion_protection": false,
            "description": "",
            "effective_labels": {
              "goog-terraform-provisioned": "true"
            },
            "encryption_configuration": [],
            "etag": "lIuIcIi58MAxpZKtK5LoMQ==",
            "expiration_time": null,
            "external_catalog_table_options": [],
            "external_data_configuration": [],
            "friendly_name": "",
            "generated_schema_columns": null,
            "id": "projects/vechile-etl-migration/datasets/silver/tables/silver_customers",
            "ignore_auto_generated_schema": false,
            "ignore_schema_changes": null,
            "labels": null,
            "last_modified_time": 1787138369393,
            "location": "asia-south1",
            "materialized_view": [],
            "max_staleness": "",
            "num_bytes": null,
            "num_long_term_bytes": null,
            "num_rows": null,
            "project": "vechile-etl-migration",
            "range_partitioning": [],
            "require_partition_filter": null,
            "resource_tags": null,
            "schema": null,
            "schema_foreign_type_info": [],
            "self_link": "https://bigquery.googleapis.com/bigquery/v2/projects/vechile-etl-migration/datasets/silver/tables/silver_customers",
            "table_constraints": [],
            "table_id": "silver_customers",
            "table_metadata_view": null,
            "table_replication_info": [],
            "terraform_labels": {
              "goog-terraform-provisioned": "true"
            },
            "time_partitioning": [],
            "type": "TABLE",
            "view": []
          },
          "sensitive_attributes": [],
          "identity_schema_version": 1,
          "identity": {
            "dataset_id": "silver",
            "project": "vechile-etl-migration",
            "table_id": "silver_customers"
          },
          "private": "bnVsbA==",
          "dependencies": [
            "module.bigquery.google_bigquery_dataset.silver"
          ]
        }
      ]
    },
    {
      "module": "module.bigquery",
      "mode": "managed",
      "type": "google_bigquery_table",
      "name": "silver_dealers",
      "provider": "provider[\"registry.terraform.io/hashicorp/google\"]",
      "instances": [
        {
          "schema_version": 0,
          "attributes": {
            "biglake_configuration": [],
            "clustering": null,
            "creation_time": 1787138370042,
            "dataset_id": "silver",
            "deletion_policy": "DELETE",
            "deletion_protection": false,
            "description": "",
            "effective_labels": {
              "goog-terraform-provisioned": "true"
            },
            "encryption_configuration": [],
            "etag": "4a2HbmpfK84cX+WtMYjwCA==",
            "expiration_time": null,
            "external_catalog_table_options": [],
            "external_data_configuration": [],
            "friendly_name": "",
            "generated_schema_columns": null,
            "id": "projects/vechile-etl-migration/datasets/silver/tables/silver_dealers",
            "ignore_auto_generated_schema": false,
            "ignore_schema_changes": null,
            "labels": null,
            "last_modified_time": 1787138370079,
            "location": "asia-south1",
            "materialized_view": [],
            "max_staleness": "",
            "num_bytes": null,
            "num_long_term_bytes": null,
            "num_rows": null,
            "project": "vechile-etl-migration",
            "range_partitioning": [],
            "require_partition_filter": null,
            "resource_tags": null,
            "schema": null,
            "schema_foreign_type_info": [],
            "self_link": "https://bigquery.googleapis.com/bigquery/v2/projects/vechile-etl-migration/datasets/silver/tables/silver_dealers",
            "table_constraints": [],
            "table_id": "silver_dealers",
            "table_metadata_view": null,
            "table_replication_info": [],
            "terraform_labels": {
              "goog-terraform-provisioned": "true"
            },
            "time_partitioning": [],
            "type": "TABLE",
            "view": []
          },
          "sensitive_attributes": [],
          "identity_schema_version": 1,
          "identity": {
            "dataset_id": "silver",
            "project": "vechile-etl-migration",
            "table_id": "silver_dealers"
          },
          "private": "bnVsbA==",
          "dependencies": [
            "module.bigquery.google_bigquery_dataset.silver"
          ]
        }
      ]
    },
    {
      "module": "module.bigquery",
      "mode": "managed",
      "type": "google_bigquery_table",
      "name": "silver_manufacturers",
      "provider": "provider[\"registry.terraform.io/hashicorp/google\"]",
      "instances": [
        {
          "schema_version": 0,
          "attributes": {
            "biglake_configuration": [],
            "clustering": null,
            "creation_time": 1787138369352,
            "dataset_id": "silver",
            "deletion_policy": "DELETE",
            "deletion_protection": false,
            "description": "",
            "effective_labels": {
              "goog-terraform-provisioned": "true"
            },
            "encryption_configuration": [],
            "etag": "+cormeNkh9DZ2LY8FEATBA==",
            "expiration_time": null,
            "external_catalog_table_options": [],
            "external_data_configuration": [],
            "friendly_name": "",
            "generated_schema_columns": null,
            "id": "projects/vechile-etl-migration/datasets/silver/tables/silver_manufacturers",
            "ignore_auto_generated_schema": false,
            "ignore_schema_changes": null,
            "labels": null,
            "last_modified_time": 1787138369390,
            "location": "asia-south1",
            "materialized_view": [],
            "max_staleness": "",
            "num_bytes": null,
            "num_long_term_bytes": null,
            "num_rows": null,
            "project": "vechile-etl-migration",
            "range_partitioning": [],
            "require_partition_filter": null,
            "resource_tags": null,
            "schema": null,
            "schema_foreign_type_info": [],
            "self_link": "https://bigquery.googleapis.com/bigquery/v2/projects/vechile-etl-migration/datasets/silver/tables/silver_manufacturers",
            "table_constraints": [],
            "table_id": "silver_manufacturers",
            "table_metadata_view": null,
            "table_replication_info": [],
            "terraform_labels": {
              "goog-terraform-provisioned": "true"
            },
            "time_partitioning": [],
            "type": "TABLE",
            "view": []
          },
          "sensitive_attributes": [],
          "identity_schema_version": 1,
          "identity": {
            "dataset_id": "silver",
            "project": "vechile-etl-migration",
            "table_id": "silver_manufacturers"
          },
          "private": "bnVsbA==",
          "dependencies": [
            "module.bigquery.google_bigquery_dataset.silver"
          ]
        }
      ]
    },
    {
      "module": "module.bigquery",
      "mode": "managed",
      "type": "google_bigquery_table",
      "name": "silver_payments",
      "provider": "provider[\"registry.terraform.io/hashicorp/google\"]",
      "instances": [
        {
          "schema_version": 0,
          "attributes": {
            "biglake_configuration": [],
            "clustering": null,
            "creation_time": 1787138370088,
            "dataset_id": "silver",
            "deletion_policy": "DELETE",
            "deletion_protection": false,
            "description": "",
            "effective_labels": {
              "goog-terraform-provisioned": "true"
            },
            "encryption_configuration": [],
            "etag": "cK6AANEqa2xeABWPcs0FYg==",
            "expiration_time": null,
            "external_catalog_table_options": [],
            "external_data_configuration": [],
            "friendly_name": "",
            "generated_schema_columns": null,
            "id": "projects/vechile-etl-migration/datasets/silver/tables/silver_payments",
            "ignore_auto_generated_schema": false,
            "ignore_schema_changes": null,
            "labels": null,
            "last_modified_time": 1787138370120,
            "location": "asia-south1",
            "materialized_view": [],
            "max_staleness": "",
            "num_bytes": null,
            "num_long_term_bytes": null,
            "num_rows": null,
            "project": "vechile-etl-migration",
            "range_partitioning": [],
            "require_partition_filter": null,
            "resource_tags": null,
            "schema": null,
            "schema_foreign_type_info": [],
            "self_link": "https://bigquery.googleapis.com/bigquery/v2/projects/vechile-etl-migration/datasets/silver/tables/silver_payments",
            "table_constraints": [],
            "table_id": "silver_payments",
            "table_metadata_view": null,
            "table_replication_info": [],
            "terraform_labels": {
              "goog-terraform-provisioned": "true"
            },
            "time_partitioning": [],
            "type": "TABLE",
            "view": []
          },
          "sensitive_attributes": [],
          "identity_schema_version": 1,
          "identity": {
            "dataset_id": "silver",
            "project": "vechile-etl-migration",
            "table_id": "silver_payments"
          },
          "private": "bnVsbA==",
          "dependencies": [
            "module.bigquery.google_bigquery_dataset.silver"
          ]
        }
      ]
    },
    {
      "module": "module.bigquery",
      "mode": "managed",
      "type": "google_bigquery_table",
      "name": "silver_vehicles",
      "provider": "provider[\"registry.terraform.io/hashicorp/google\"]",
      "instances": [
        {
          "schema_version": 0,
          "attributes": {
            "biglake_configuration": [],
            "clustering": null,
            "creation_time": 1787138369375,
            "dataset_id": "silver",
            "deletion_policy": "DELETE",
            "deletion_protection": false,
            "description": "",
            "effective_labels": {
              "goog-terraform-provisioned": "true"
            },
            "encryption_configuration": [],
            "etag": "TtVM0jvETnJvarTl1o02IA==",
            "expiration_time": null,
            "external_catalog_table_options": [],
            "external_data_configuration": [],
            "friendly_name": "",
            "generated_schema_columns": null,
            "id": "projects/vechile-etl-migration/datasets/silver/tables/silver_vehicles",
            "ignore_auto_generated_schema": false,
            "ignore_schema_changes": null,
            "labels": null,
            "last_modified_time": 1787138369416,
            "location": "asia-south1",
            "materialized_view": [],
            "max_staleness": "",
            "num_bytes": null,
            "num_long_term_bytes": null,
            "num_rows": null,
            "project": "vechile-etl-migration",
            "range_partitioning": [],
            "require_partition_filter": null,
            "resource_tags": null,
            "schema": null,
            "schema_foreign_type_info": [],
            "self_link": "https://bigquery.googleapis.com/bigquery/v2/projects/vechile-etl-migration/datasets/silver/tables/silver_vehicles",
            "table_constraints": [],
            "table_id": "silver_vehicles",
            "table_metadata_view": null,
            "table_replication_info": [],
            "terraform_labels": {
              "goog-terraform-provisioned": "true"
            },
            "time_partitioning": [],
            "type": "TABLE",
            "view": []
          },
          "sensitive_attributes": [],
          "identity_schema_version": 1,
          "identity": {
            "dataset_id": "silver",
            "project": "vechile-etl-migration",
            "table_id": "silver_vehicles"
          },
          "private": "bnVsbA==",
          "dependencies": [
            "module.bigquery.google_bigquery_dataset.silver"
          ]
        }
      ]
    },
    {
      "module": "module.service_account",
      "mode": "managed",
      "type": "google_service_account",
      "name": "this",
      "provider": "provider[\"registry.terraform.io/hashicorp/google\"]",
      "instances": [
        {
          "schema_version": 0,
          "attributes": {
            "account_id": "vehicle-etl-sa",
            "create_ignore_already_exists": null,
            "deletion_policy": "DELETE",
            "description": "Service account used for the vehicle ETL pipeline",
            "disabled": false,
            "display_name": "Vehicle ETL Service Account",
            "email": "vehicle-etl-sa@vechile-etl-migration.iam.gserviceaccount.com",
            "id": "projects/vechile-etl-migration/serviceAccounts/vehicle-etl-sa@vechile-etl-migration.iam.gserviceaccount.com",
            "member": "serviceAccount:vehicle-etl-sa@vechile-etl-migration.iam.gserviceaccount.com",
            "name": "projects/vechile-etl-migration/serviceAccounts/vehicle-etl-sa@vechile-etl-migration.iam.gserviceaccount.com",
            "project": "vechile-etl-migration",
            "timeouts": null,
            "unique_id": "101097292406434448281"
          },
          "sensitive_attributes": [],
          "identity_schema_version": 1,
          "identity": {
            "email": "vehicle-etl-sa@vechile-etl-migration.iam.gserviceaccount.com",
            "project": "vechile-etl-migration"
          },
          "private": "eyJlMmJmYjczMC1lY2FhLTExZTYtOGY4OC0zNDM2M2JjN2M0YzAiOnsiY3JlYXRlIjozMDAwMDAwMDAwMDB9LCJzY2hlbWFfdmVyc2lvbiI6IjAifQ=="
        }
      ]
    },
    {
      "module": "module.storage",
      "mode": "managed",
      "type": "google_storage_bucket",
      "name": "this",
      "provider": "provider[\"registry.terraform.io/hashicorp/google\"]",
      "instances": [
        {
          "schema_version": 4,
          "attributes": {
            "autoclass": [],
            "cors": [],
            "custom_placement_config": [],
            "default_event_based_hold": false,
            "deletion_policy": "DELETE",
            "effective_labels": {
              "data_layer": "raw",
              "environment": "development",
              "goog-terraform-provisioned": "true",
              "project": "vehicle-etl"
            },
            "enable_object_retention": false,
            "encryption": [],
            "force_destroy": false,
            "hierarchical_namespace": [
              {
                "enabled": false
              }
            ],
            "id": "vehicle-etl-migration-2026-12345",
            "ip_filter": [],
            "labels": {
              "data_layer": "raw",
              "environment": "development",
              "project": "vehicle-etl"
            },
            "lifecycle_rule": [],
            "location": "ASIA-SOUTH1",
            "logging": [],
            "name": "vehicle-etl-migration-2026-12345",
            "project": "vechile-etl-migration",
            "project_number": 84455475290,
            "public_access_prevention": "inherited",
            "requester_pays": false,
            "retention_policy": [],
            "rpo": null,
            "self_link": "https://www.googleapis.com/storage/v1/b/vehicle-etl-migration-2026-12345",
            "soft_delete_policy": [
              {
                "effective_time": "2026-08-19T04:49:22.576Z",
                "retention_duration_seconds": 604800
              }
            ],
            "storage_class": "STANDARD",
            "terraform_labels": {
              "data_layer": "raw",
              "environment": "development",
              "goog-terraform-provisioned": "true",
              "project": "vehicle-etl"
            },
            "time_created": "2026-08-19T04:49:22.576Z",
            "timeouts": null,
            "uniform_bucket_level_access": true,
            "updated": "2026-08-19T04:49:24.261Z",
            "url": "gs://vehicle-etl-migration-2026-12345",
            "versioning": [
              {
                "enabled": true
              }
            ],
            "website": []
          },
          "sensitive_attributes": [],
          "identity_schema_version": 1,
          "identity": {
            "name": "vehicle-etl-migration-2026-12345",
            "project": "vechile-etl-migration"
          },
          "private": "eyJlMmJmYjczMC1lY2FhLTExZTYtOGY4OC0zNDM2M2JjN2M0YzAiOnsiY3JlYXRlIjo2MDAwMDAwMDAwMDAsInJlYWQiOjI0MDAwMDAwMDAwMCwidXBkYXRlIjoyNDAwMDAwMDAwMDB9LCJzY2hlbWFfdmVyc2lvbiI6IjQifQ=="
        }
      ]
    },
    {
      "module": "module.storage",
      "mode": "managed",
      "type": "google_storage_bucket_iam_member",
      "name": "service_account",
      "provider": "provider[\"registry.terraform.io/hashicorp/google\"]",
      "instances": [
        {
          "schema_version": 0,
          "attributes": {
            "bucket": "b/vehicle-etl-migration-2026-12345",
            "condition": [],
            "etag": "CAI=",
            "id": "b/vehicle-etl-migration-2026-12345/roles/storage.objectAdmin/serviceAccount:vehicle-etl-sa@vechile-etl-migration.iam.gserviceaccount.com",
            "member": "serviceAccount:vehicle-etl-sa@vechile-etl-migration.iam.gserviceaccount.com",
            "role": "roles/storage.objectAdmin",
            "timeouts": null
          },
          "sensitive_attributes": [],
          "identity_schema_version": 0,
          "private": "eyJlMmJmYjczMC1lY2FhLTExZTYtOGY4OC0zNDM2M2JjN2M0YzAiOnsiY3JlYXRlIjoxMjAwMDAwMDAwMDAwfX0=",
          "dependencies": [
            "module.service_account.google_service_account.this",
            "module.storage.google_storage_bucket.this"
          ]
        }
      ]
    }
  ],
  "check_results": null
}
