{
  "version": 4,
  "terraform_version": "1.15.8",
  "serial": 19,
  "lineage": "a540e77e-4e9b-a0b5-5e4c-9957821bfdb3",
  "outputs": {
    "bigquery_dataset": {
      "value": "vehicle_analytics",
      "type": "string"
    },
    "bigquery_dataset_id": {
      "value": "vehicle_analytics",
      "type": "string"
    },
    "bronze_table": {
      "value": "bronze",
      "type": "string"
    },
    "gold_table": {
      "value": "gold",
      "type": "string"
    },
    "service_account_email": {
      "value": "vehicle-etl-sa@vechile-etl-migration.iam.gserviceaccount.com",
      "type": "string"
    },
    "silver_table": {
      "value": "silver",
      "type": "string"
    },
    "storage_bucket": {
      "value": "vehicle-etl-migration-2026-12345",
      "type": "string"
    },
    "storage_bucket_url": {
      "value": "gs://vehicle-etl-migration-2026-12345",
      "type": "string"
    }
  },
  "resources": [
    {
      "module": "module.bigquery",
      "mode": "managed",
      "type": "google_bigquery_dataset",
      "name": "this",
      "provider": "provider[\"registry.terraform.io/hashicorp/google\"]",
      "instances": [
        {
          "schema_version": 0,
          "attributes": {
            "access": [
              {
                "condition": [],
                "dataset": [],
                "domain": "",
                "group_by_email": "",
                "iam_member": "",
                "role": "OWNER",
                "routine": [],
                "special_group": "",
                "user_by_email": "pranaybhoware2701@gmail.com",
                "view": []
              },
              {
                "condition": [],
                "dataset": [],
                "domain": "",
                "group_by_email": "",
                "iam_member": "",
                "role": "OWNER",
                "routine": [],
                "special_group": "projectOwners",
                "user_by_email": "",
                "view": []
              },
              {
                "condition": [],
                "dataset": [],
                "domain": "",
                "group_by_email": "",
                "iam_member": "",
                "role": "READER",
                "routine": [],
                "special_group": "projectReaders",
                "user_by_email": "",
                "view": []
              },
              {
                "condition": [],
                "dataset": [],
                "domain": "",
                "group_by_email": "",
                "iam_member": "",
                "role": "WRITER",
                "routine": [],
                "special_group": "",
                "user_by_email": "vehicle-etl-sa@vechile-etl-migration.iam.gserviceaccount.com",
                "view": []
              },
              {
                "condition": [],
                "dataset": [],
                "domain": "",
                "group_by_email": "",
                "iam_member": "",
                "role": "WRITER",
                "routine": [],
                "special_group": "projectWriters",
                "user_by_email": "",
                "view": []
              }
            ],
            "creation_time": 1787065415448,
            "dataset_id": "vehicle_analytics",
            "default_collation": "",
            "default_encryption_configuration": [],
            "default_partition_expiration_ms": 0,
            "default_table_expiration_ms": 0,
            "delete_contents_on_destroy": false,
            "deletion_policy": "DELETE",
            "description": "Vehicle ETL dataset",
            "effective_labels": {
              "goog-terraform-provisioned": "true"
            },
            "etag": "DnOOrUWxWb403Bnw1BOYoA==",
            "external_catalog_dataset_options": [],
            "external_dataset_reference": [],
            "friendly_name": "",
            "id": "projects/vechile-etl-migration/datasets/vehicle_analytics",
            "is_case_insensitive": false,
            "labels": {},
            "last_modified_time": 1787114960983,
            "location": "asia-south1",
            "max_time_travel_hours": "168",
            "project": "vechile-etl-migration",
            "resource_tags": {},
            "self_link": "https://bigquery.googleapis.com/bigquery/v2/projects/vechile-etl-migration/datasets/vehicle_analytics",
            "storage_billing_model": "",
            "terraform_labels": {
              "goog-terraform-provisioned": "true"
            },
            "timeouts": null
          },
          "sensitive_attributes": [],
          "identity_schema_version": 1,
          "identity": {
            "dataset_id": "vehicle_analytics",
            "project": "vechile-etl-migration"
          },
          "private": "eyJlMmJmYjczMC1lY2FhLTExZTYtOGY4OC0zNDM2M2JjN2M0YzAiOnsiY3JlYXRlIjoxMjAwMDAwMDAwMDAwLCJkZWxldGUiOjEyMDAwMDAwMDAwMDAsInVwZGF0ZSI6MTIwMDAwMDAwMDAwMH19"
        }
      ]
    },
    {
      "module": "module.bigquery",
      "mode": "managed",
      "type": "google_bigquery_dataset_iam_member",
      "name": "service_account",
      "provider": "provider[\"registry.terraform.io/hashicorp/google\"]",
      "instances": [
        {
          "schema_version": 0,
          "attributes": {
            "condition": [],
            "dataset_id": "vehicle_analytics",
            "etag": "",
            "id": "projects/vechile-etl-migration/datasets/vehicle_analytics/roles/bigquery.dataEditor/serviceAccount:vehicle-etl-sa@vechile-etl-migration.iam.gserviceaccount.com",
            "member": "serviceAccount:vehicle-etl-sa@vechile-etl-migration.iam.gserviceaccount.com",
            "project": "vechile-etl-migration",
            "role": "roles/bigquery.dataEditor"
          },
          "sensitive_attributes": [],
          "identity_schema_version": 1,
          "identity": {
            "condition_title": null,
            "dataset_id": "vehicle_analytics",
            "member": "serviceAccount:vehicle-etl-sa@vechile-etl-migration.iam.gserviceaccount.com",
            "project": "vechile-etl-migration",
            "role": "roles/bigquery.dataEditor"
          },
          "private": "bnVsbA==",
          "dependencies": [
            "module.bigquery.google_bigquery_dataset.this",
            "module.service_account.google_service_account.this"
          ]
        }
      ]
    },
    {
      "module": "module.bigquery",
      "mode": "managed",
      "type": "google_bigquery_table",
      "name": "bronze",
      "provider": "provider[\"registry.terraform.io/hashicorp/google\"]",
      "instances": [
        {
          "schema_version": 0,
          "attributes": {
            "biglake_configuration": [],
            "clustering": null,
            "creation_time": 1787065418107,
            "dataset_id": "vehicle_analytics",
            "deletion_policy": "DELETE",
            "deletion_protection": true,
            "description": "",
            "effective_labels": {
              "goog-terraform-provisioned": "true"
            },
            "encryption_configuration": [],
            "etag": "YUmGexcQmqh510Cu5dXhAw==",
            "expiration_time": 1792249418107,
            "external_catalog_table_options": [],
            "external_data_configuration": [],
            "friendly_name": "",
            "generated_schema_columns": null,
            "id": "projects/vechile-etl-migration/datasets/vehicle_analytics/tables/bronze",
            "ignore_auto_generated_schema": false,
            "ignore_schema_changes": null,
            "labels": {},
            "last_modified_time": 1787065418270,
            "location": "asia-south1",
            "materialized_view": [],
            "max_staleness": "",
            "num_bytes": null,
            "num_long_term_bytes": null,
            "num_rows": null,
            "project": "vechile-etl-migration",
            "range_partitioning": [],
            "require_partition_filter": null,
            "resource_tags": {},
            "schema": null,
            "schema_foreign_type_info": [],
            "self_link": "https://bigquery.googleapis.com/bigquery/v2/projects/vechile-etl-migration/datasets/vehicle_analytics/tables/bronze",
            "table_constraints": [],
            "table_id": "bronze",
            "table_metadata_view": null,
            "table_replication_info": [],
            "terraform_labels": {
              "goog-terraform-provisioned": "true"
            },
            "time_partitioning": [],
            "type": "TABLE",
            "view": []
          },
          "sensitive_attributes": [],
          "identity_schema_version": 1,
          "identity": {
            "dataset_id": "vehicle_analytics",
            "project": "vechile-etl-migration",
            "table_id": "bronze"
          },
          "private": "eyJzY2hlbWFfdmVyc2lvbiI6IjAifQ=="
        }
      ]
    },
    {
      "module": "module.bigquery",
      "mode": "managed",
      "type": "google_bigquery_table",
      "name": "gold",
      "provider": "provider[\"registry.terraform.io/hashicorp/google\"]",
      "instances": [
        {
          "schema_version": 0,
          "attributes": {
            "biglake_configuration": [],
            "clustering": null,
            "creation_time": 1787065418114,
            "dataset_id": "vehicle_analytics",
            "deletion_policy": "DELETE",
            "deletion_protection": true,
            "description": "",
            "effective_labels": {
              "goog-terraform-provisioned": "true"
            },
            "encryption_configuration": [],
            "etag": "MTzYPxRBvGomHcRYuUtxKQ==",
            "expiration_time": 1792249418114,
            "external_catalog_table_options": [],
            "external_data_configuration": [],
            "friendly_name": "",
            "generated_schema_columns": null,
            "id": "projects/vechile-etl-migration/datasets/vehicle_analytics/tables/gold",
            "ignore_auto_generated_schema": false,
            "ignore_schema_changes": null,
            "labels": {},
            "last_modified_time": 1787065418235,
            "location": "asia-south1",
            "materialized_view": [],
            "max_staleness": "",
            "num_bytes": null,
            "num_long_term_bytes": null,
            "num_rows": null,
            "project": "vechile-etl-migration",
            "range_partitioning": [],
            "require_partition_filter": null,
            "resource_tags": {},
            "schema": null,
            "schema_foreign_type_info": [],
            "self_link": "https://bigquery.googleapis.com/bigquery/v2/projects/vechile-etl-migration/datasets/vehicle_analytics/tables/gold",
            "table_constraints": [],
            "table_id": "gold",
            "table_metadata_view": null,
            "table_replication_info": [],
            "terraform_labels": {
              "goog-terraform-provisioned": "true"
            },
            "time_partitioning": [],
            "type": "TABLE",
            "view": []
          },
          "sensitive_attributes": [],
          "identity_schema_version": 1,
          "identity": {
            "dataset_id": "vehicle_analytics",
            "project": "vechile-etl-migration",
            "table_id": "gold"
          },
          "private": "eyJzY2hlbWFfdmVyc2lvbiI6IjAifQ=="
        }
      ]
    },
    {
      "module": "module.bigquery",
      "mode": "managed",
      "type": "google_bigquery_table",
      "name": "silver",
      "provider": "provider[\"registry.terraform.io/hashicorp/google\"]",
      "instances": [
        {
          "schema_version": 0,
          "attributes": {
            "biglake_configuration": [],
            "clustering": null,
            "creation_time": 1787065418107,
            "dataset_id": "vehicle_analytics",
            "deletion_policy": "DELETE",
            "deletion_protection": true,
            "description": "",
            "effective_labels": {
              "goog-terraform-provisioned": "true"
            },
            "encryption_configuration": [],
            "etag": "vSHdLVzj7VPWAz3GwtIEwA==",
            "expiration_time": 1792249418107,
            "external_catalog_table_options": [],
            "external_data_configuration": [],
            "friendly_name": "",
            "generated_schema_columns": null,
            "id": "projects/vechile-etl-migration/datasets/vehicle_analytics/tables/silver",
            "ignore_auto_generated_schema": false,
            "ignore_schema_changes": null,
            "labels": {},
            "last_modified_time": 1787065418269,
            "location": "asia-south1",
            "materialized_view": [],
            "max_staleness": "",
            "num_bytes": null,
            "num_long_term_bytes": null,
            "num_rows": null,
            "project": "vechile-etl-migration",
            "range_partitioning": [],
            "require_partition_filter": null,
            "resource_tags": {},
            "schema": null,
            "schema_foreign_type_info": [],
            "self_link": "https://bigquery.googleapis.com/bigquery/v2/projects/vechile-etl-migration/datasets/vehicle_analytics/tables/silver",
            "table_constraints": [],
            "table_id": "silver",
            "table_metadata_view": null,
            "table_replication_info": [],
            "terraform_labels": {
              "goog-terraform-provisioned": "true"
            },
            "time_partitioning": [],
            "type": "TABLE",
            "view": []
          },
          "sensitive_attributes": [],
          "identity_schema_version": 1,
          "identity": {
            "dataset_id": "vehicle_analytics",
            "project": "vechile-etl-migration",
            "table_id": "silver"
          },
          "private": "eyJzY2hlbWFfdmVyc2lvbiI6IjAifQ=="
        }
      ]
    },
    {
      "module": "module.service_account",
      "mode": "managed",
      "type": "google_service_account",
      "name": "this",
      "provider": "provider[\"registry.terraform.io/hashicorp/google\"]",
      "instances": [
        {
          "schema_version": 0,
          "attributes": {
            "account_id": "vehicle-etl-sa",
            "create_ignore_already_exists": null,
            "deletion_policy": "DELETE",
            "description": "Service account used for the vehicle ETL pipeline",
            "disabled": false,
            "display_name": "Vehicle ETL Service Account",
            "email": "vehicle-etl-sa@vechile-etl-migration.iam.gserviceaccount.com",
            "id": "projects/vechile-etl-migration/serviceAccounts/vehicle-etl-sa@vechile-etl-migration.iam.gserviceaccount.com",
            "member": "serviceAccount:vehicle-etl-sa@vechile-etl-migration.iam.gserviceaccount.com",
            "name": "projects/vechile-etl-migration/serviceAccounts/vehicle-etl-sa@vechile-etl-migration.iam.gserviceaccount.com",
            "project": "vechile-etl-migration",
            "timeouts": null,
            "unique_id": "101097292406434448281"
          },
          "sensitive_attributes": [],
          "identity_schema_version": 1,
          "identity": {
            "email": "vehicle-etl-sa@vechile-etl-migration.iam.gserviceaccount.com",
            "project": "vechile-etl-migration"
          },
          "private": "eyJlMmJmYjczMC1lY2FhLTExZTYtOGY4OC0zNDM2M2JjN2M0YzAiOnsiY3JlYXRlIjozMDAwMDAwMDAwMDB9LCJzY2hlbWFfdmVyc2lvbiI6IjAifQ=="
        }
      ]
    },
    {
      "module": "module.storage",
      "mode": "managed",
      "type": "google_storage_bucket",
      "name": "this",
      "provider": "provider[\"registry.terraform.io/hashicorp/google\"]",
      "instances": [
        {
          "schema_version": 4,
          "attributes": {
            "autoclass": [],
            "cors": [],
            "custom_placement_config": [],
            "default_event_based_hold": false,
            "deletion_policy": "DELETE",
            "effective_labels": {
              "data_layer": "raw",
              "environment": "development",
              "goog-terraform-provisioned": "true",
              "project": "vehicle-etl"
            },
            "enable_object_retention": false,
            "encryption": [],
            "force_destroy": false,
            "hierarchical_namespace": [
              {
                "enabled": false
              }
            ],
            "id": "vehicle-etl-migration-2026-12345",
            "ip_filter": [],
            "labels": {
              "data_layer": "raw",
              "environment": "development",
              "project": "vehicle-etl"
            },
            "lifecycle_rule": [],
            "location": "ASIA-SOUTH1",
            "logging": [],
            "name": "vehicle-etl-migration-2026-12345",
            "project": "vechile-etl-migration",
            "project_number": 84455475290,
            "public_access_prevention": "inherited",
            "requester_pays": false,
            "retention_policy": [],
            "rpo": null,
            "self_link": "https://www.googleapis.com/storage/v1/b/vehicle-etl-migration-2026-12345",
            "soft_delete_policy": [
              {
                "effective_time": "2026-08-19T04:49:22.576Z",
                "retention_duration_seconds": 604800
              }
            ],
            "storage_class": "STANDARD",
            "terraform_labels": {
              "data_layer": "raw",
              "environment": "development",
              "goog-terraform-provisioned": "true",
              "project": "vehicle-etl"
            },
            "time_created": "2026-08-19T04:49:22.576Z",
            "timeouts": null,
            "uniform_bucket_level_access": true,
            "updated": "2026-08-19T04:49:22.576Z",
            "url": "gs://vehicle-etl-migration-2026-12345",
            "versioning": [
              {
                "enabled": true
              }
            ],
            "website": []
          },
          "sensitive_attributes": [],
          "identity_schema_version": 1,
          "identity": {
            "name": "vehicle-etl-migration-2026-12345",
            "project": "vechile-etl-migration"
          },
          "private": "eyJlMmJmYjczMC1lY2FhLTExZTYtOGY4OC0zNDM2M2JjN2M0YzAiOnsiY3JlYXRlIjo2MDAwMDAwMDAwMDAsInJlYWQiOjI0MDAwMDAwMDAwMCwidXBkYXRlIjoyNDAwMDAwMDAwMDB9LCJzY2hlbWFfdmVyc2lvbiI6IjQifQ=="
        }
      ]
    },
    {
      "module": "module.storage",
      "mode": "managed",
      "type": "google_storage_bucket_iam_member",
      "name": "service_account",
      "provider": "provider[\"registry.terraform.io/hashicorp/google\"]",
      "instances": [
        {
          "schema_version": 0,
          "attributes": {
            "bucket": "b/vehicle-etl-migration-2026-12345",
            "condition": [],
            "etag": "CAI=",
            "id": "b/vehicle-etl-migration-2026-12345/roles/storage.objectAdmin/serviceAccount:vehicle-etl-sa@vechile-etl-migration.iam.gserviceaccount.com",
            "member": "serviceAccount:vehicle-etl-sa@vechile-etl-migration.iam.gserviceaccount.com",
            "role": "roles/storage.objectAdmin",
            "timeouts": null
          },
          "sensitive_attributes": [],
          "identity_schema_version": 0,
          "private": "eyJlMmJmYjczMC1lY2FhLTExZTYtOGY4OC0zNDM2M2JjN2M0YzAiOnsiY3JlYXRlIjoxMjAwMDAwMDAwMDAwfX0=",
          "dependencies": [
            "module.service_account.google_service_account.this",
            "module.storage.google_storage_bucket.this"
          ]
        }
      ]
    }
  ],
  "check_results": null
}
